
Microsoft Visual Studio Solution File, Format Version 12.00
# Visual Studio 15
VisualStudioVersion = 15.0.27004.2005
MinimumVisualStudioVersion = 10.0.40219.1
Project("{FAE04EC0-301F-11D3-BF4B-00C04F79EFBC}") = "projektnizadatak", "projektnizadatak\projektnizadatak.csproj", "{612E6200-F148-4094-88F8-F5539D056B51}"
EndProject
Global
	GlobalSection(SolutionConfigurationPlatforms) = preSolution
		Debug|Any CPU = Debug|Any CPU
		Release|Any CPU = Release|Any CPU
	EndGlobalSection
	GlobalSection(ProjectConfigurationPlatforms) = postSolution
		{612E6200-F148-4094-88F8-F5539D056B51}.Debug|Any CPU.ActiveCfg = Debug|Any CPU
		{612E6200-F148-4094-88F8-F5539D056B51}.Debug|Any CPU.Build.0 = Debug|Any CPU
		{612E6200-F148-4094-88F8-F5539D056B51}.Release|Any CPU.ActiveCfg = Release|Any CPU
		{612E6200-F148-4094-88F8-F5539D056B51}.Release|Any CPU.Build.0 = Release|Any CPU
	EndGlobalSection
	GlobalSection(SolutionProperties) = preSolution
		HideSolutionNode = FALSE
	EndGlobalSection
	GlobalSection(ExtensibilityGlobals) = postSolution
		SolutionGuid = {ECA74F32-EE7B-42C6-96FA-F6871E5D2F75}
	EndGlobalSection
EndGlobal
